// !$*UTF8*$!
{
	archiveVersion = 1;
	classes = {
	};
	objectVersion = 56;
	objects = {

/* Begin PBXBuildFile section */
		236D92E629AFBB1900CDEECB /* AppDelegate.swift in Sources */ = {isa = PBXBuildFile; fileRef = 236D92E529AFBB1900CDEECB /* AppDelegate.swift */; };
		236D92E829AFBB1900CDEECB /* SceneDelegate.swift in Sources */ = {isa = PBXBuildFile; fileRef = 236D92E729AFBB1900CDEECB /* SceneDelegate.swift */; };
		236D92EA29AFBB1900CDEECB /* ViewController.swift in Sources */ = {isa = PBXBuildFile; fileRef = 236D92E929AFBB1900CDEECB /* ViewController.swift */; };
		236D92ED29AFBB1900CDEECB /* Main.storyboard in Resources */ = {isa = PBXBuildFile; fileRef = 236D92EB29AFBB1900CDEECB /* Main.storyboard */; };
		236D92EF29AFBB1A00CDEECB /* Assets.xcassets in Resources */ = {isa = PBXBuildFile; fileRef = 236D92EE29AFBB1A00CDEECB /* Assets.xcassets */; };
		236D92F229AFBB1A00CDEECB /* LaunchScreen.storyboard in Resources */ = {isa = PBXBuildFile; fileRef = 236D92F029AFBB1A00CDEECB /* LaunchScreen.storyboard */; };
		236D92FD29AFBB1A00CDEECB /* miniTableViewApp_DevinGTests.swift in Sources */ = {isa = PBXBuildFile; fileRef = 236D92FC29AFBB1A00CDEECB /* miniTableViewApp_DevinGTests.swift */; };
		236D930729AFBB1A00CDEECB /* miniTableViewApp_DevinGUITests.swift in Sources */ = {isa = PBXBuildFile; fileRef = 236D930629AFBB1A00CDEECB /* miniTableViewApp_DevinGUITests.swift */; };
		236D930929AFBB1A00CDEECB /* miniTableViewApp_DevinGUITestsLaunchTests.swift in Sources */ = {isa = PBXBuildFile; fileRef = 236D930829AFBB1A00CDEECB /* miniTableViewApp_DevinGUITestsLaunchTests.swift */; };
/* End PBXBuildFile section */

/* Begin PBXContainerItemProxy section */
		236D92F929AFBB1A00CDEECB /* PBXContainerItemProxy */ = {
			isa = PBXContainerItemProxy;
			containerPortal = 236D92DA29AFBB1900CDEECB /* Project object */;
			proxyType = 1;
			remoteGlobalIDString = 236D92E129AFBB1900CDEECB;
			remoteInfo = miniTableViewApp_DevinG;
		};
		236D930329AFBB1A00CDEECB /* PBXContainerItemProxy */ = {
			isa = PBXContainerItemProxy;
			containerPortal = 236D92DA29AFBB1900CDEECB /* Project object */;
			proxyType = 1;
			remoteGlobalIDString = 236D92E129AFBB1900CDEECB;
			remoteInfo = miniTableViewApp_DevinG;
		};
/* End PBXContainerItemProxy section */

/* Begin PBXFileReference section */
		236D92E229AFBB1900CDEECB /* miniTableViewApp_DevinG.app */ = {isa = PBXFileReference; explicitFileType = wrapper.application; includeInIndex = 0; path = miniTableViewApp_DevinG.app; sourceTree = BUILT_PRODUCTS_DIR; };
		236D92E529AFBB1900CDEECB /* AppDelegate.swift */ = {isa = PBXFileReference; lastKnownFileType = sourcecode.swift; path = AppDelegate.swift; sourceTree = "<group>"; };
		236D92E729AFBB1900CDEECB /* SceneDelegate.swift */ = {isa = PBXFileReference; lastKnownFileType = sourcecode.swift; path = SceneDelegate.swift; sourceTree = "<group>"; };
		236D92E929AFBB1900CDEECB /* ViewController.swift */ = {isa = PBXFileReference; lastKnownFileType = sourcecode.swift; path = ViewController.swift; sourceTree = "<group>"; };
		236D92EC29AFBB1900CDEECB /* Base */ = {isa = PBXFileReference; lastKnownFileType = file.storyboard; name = Base; path = Base.lproj/Main.storyboard; sourceTree = "<group>"; };
		236D92EE29AFBB1A00CDEECB /* Assets.xcassets */ = {isa = PBXFileReference; lastKnownFileType = folder.assetcatalog; path = Assets.xcassets; sourceTree = "<group>"; };
		236D92F129AFBB1A00CDEECB /* Base */ = {isa = PBXFileReference; lastKnownFileType = file.storyboard; name = Base; path = Base.lproj/LaunchScreen.storyboard; sourceTree = "<group>"; };
		236D92F329AFBB1A00CDEECB /* Info.plist */ = {isa = PBXFileReference; lastKnownFileType = text.plist.xml; path = Info.plist; sourceTree = "<group>"; };
		236D92F829AFBB1A00CDEECB /* miniTableViewApp_DevinGTests.xctest */ = {isa = PBXFileReference; explicitFileType = wrapper.cfbundle; includeInIndex = 0; path = miniTableViewApp_DevinGTests.xctest; sourceTree = BUILT_PRODUCTS_DIR; };
		236D92FC29AFBB1A00CDEECB /* miniTableViewApp_DevinGTests.swift */ = {isa = PBXFileReference; lastKnownFileType = sourcecode.swift; path = miniTableViewApp_DevinGTests.swift; sourceTree = "<group>"; };
		236D930229AFBB1A00CDEECB /* miniTableViewApp_DevinGUITests.xctest */ = {isa = PBXFileReference; explicitFileType = wrapper.cfbundle; includeInIndex = 0; path = miniTableViewApp_DevinGUITests.xctest; sourceTree = BUILT_PRODUCTS_DIR; };
		236D930629AFBB1A00CDEECB /* miniTableViewApp_DevinGUITests.swift */ = {isa = PBXFileReference; lastKnownFileType = sourcecode.swift; path = miniTableViewApp_DevinGUITests.swift; sourceTree = "<group>"; };
		236D930829AFBB1A00CDEECB /* miniTableViewApp_DevinGUITestsLaunchTests.swift */ = {isa = PBXFileReference; lastKnownFileType = sourcecode.swift; path = miniTableViewApp_DevinGUITestsLaunchTests.swift; sourceTree = "<group>"; };
/* End PBXFileReference section */

/* Begin PBXFrameworksBuildPhase section */
		236D92DF29AFBB1900CDEECB /* Frameworks */ = {
			isa = PBXFrameworksBuildPhase;
			buildActionMask = 2147483647;
			files = (
			);
			runOnlyForDeploymentPostprocessing = 0;
		};
		236D92F529AFBB1A00CDEECB /* Frameworks */ = {
			isa = PBXFrameworksBuildPhase;
			buildActionMask = 2147483647;
			files = (
			);
			runOnlyForDeploymentPostprocessing = 0;
		};
		236D92FF29AFBB1A00CDEECB /* Frameworks */ = {
			isa = PBXFrameworksBuildPhase;
			buildActionMask = 2147483647;
			files = (
			);
			runOnlyForDeploymentPostprocessing = 0;
		};
/* End PBXFrameworksBuildPhase section */

/* Begin PBXGroup section */
		236D92D929AFBB1900CDEECB = {
			isa = PBXGroup;
			children = (
				236D92E429AFBB1900CDEECB /* miniTableViewApp_DevinG */,
				236D92FB29AFBB1A00CDEECB /* miniTableViewApp_DevinGTests */,
				236D930529AFBB1A00CDEECB /* miniTableViewApp_DevinGUITests */,
				236D92E329AFBB1900CDEECB /* Products */,
			);
			sourceTree = "<group>";
		};
		236D92E329AFBB1900CDEECB /* Products */ = {
			isa = PBXGroup;
			children = (
				236D92E229AFBB1900CDEECB /* miniTableViewApp_DevinG.app */,
				236D92F829AFBB1A00CDEECB /* miniTableViewApp_DevinGTests.xctest */,
				236D930229AFBB1A00CDEECB /* miniTableViewApp_DevinGUITests.xctest */,
			);
			name = Products;
			sourceTree = "<group>";
		};
		236D92E429AFBB1900CDEECB /* miniTableViewApp_DevinG */ = {
			isa = PBXGroup;
			children = (
				236D92E529AFBB1900CDEECB /* AppDelegate.swift */,
				236D92E729AFBB1900CDEECB /* SceneDelegate.swift */,
				236D92E929AFBB1900CDEECB /* ViewController.swift */,
				236D92EB29AFBB1900CDEECB /* Main.storyboard */,
				236D92EE29AFBB1A00CDEECB /* Assets.xcassets */,
				236D92F029AFBB1A00CDEECB /* LaunchScreen.storyboard */,
				236D92F329AFBB1A00CDEECB /* Info.plist */,
			);
			path = miniTableViewApp_DevinG;
			sourceTree = "<group>";
		};
		236D92FB29AFBB1A00CDEECB /* miniTableViewApp_DevinGTests */ = {
			isa = PBXGroup;
			children = (
				236D92FC29AFBB1A00CDEECB /* miniTableViewApp_DevinGTests.swift */,
			);
			path = miniTableViewApp_DevinGTests;
			sourceTree = "<group>";
		};
		236D930529AFBB1A00CDEECB /* miniTableViewApp_DevinGUITests */ = {
			isa = PBXGroup;
			children = (
				236D930629AFBB1A00CDEECB /* miniTableViewApp_DevinGUITests.swift */,
				236D930829AFBB1A00CDEECB /* miniTableViewApp_DevinGUITestsLaunchTests.swift */,
			);
			path = miniTableViewApp_DevinGUITests;
			sourceTree = "<group>";
		};
/* End PBXGroup section */

/* Begin PBXNativeTarget section */
		236D92E129AFBB1900CDEECB /* miniTableViewApp_DevinG */ = {
			isa = PBXNativeTarget;
			buildConfigurationList = 236D930C29AFBB1A00CDEECB /* Build configuration list for PBXNativeTarget "miniTableViewApp_DevinG" */;
			buildPhases = (
				236D92DE29AFBB1900CDEECB /* Sources */,
				236D92DF29AFBB1900CDEECB /* Frameworks */,
				236D92E029AFBB1900CDEECB /* Resources */,
			);
			buildRules = (
			);
			dependencies = (
			);
			name = miniTableViewApp_DevinG;
			productName = miniTableViewApp_DevinG;
			productReference = 236D92E229AFBB1900CDEECB /* miniTableViewApp_DevinG.app */;
			productType = "com.apple.product-type.application";
		};
		236D92F729AFBB1A00CDEECB /* miniTableViewApp_DevinGTests */ = {
			isa = PBXNativeTarget;
			buildConfigurationList = 236D930F29AFBB1A00CDEECB /* Build configuration list for PBXNativeTarget "miniTableViewApp_DevinGTests" */;
			buildPhases = (
				236D92F429AFBB1A00CDEECB /* Sources */,
				236D92F529AFBB1A00CDEECB /* Frameworks */,
				236D92F629AFBB1A00CDEECB /* Resources */,
			);
			buildRules = (
			);
			dependencies = (
				236D92FA29AFBB1A00CDEECB /* PBXTargetDependency */,
			);
			name = miniTableViewApp_DevinGTests;
			productName = miniTableViewApp_DevinGTests;
			productReference = 236D92F829AFBB1A00CDEECB /* miniTableViewApp_DevinGTests.xctest */;
			productType = "com.apple.product-type.bundle.unit-test";
		};
		236D930129AFBB1A00CDEECB /* miniTableViewApp_DevinGUITests */ = {
			isa = PBXNativeTarget;
			buildConfigurationList = 236D931229AFBB1A00CDEECB /* Build configuration list for PBXNativeTarget "miniTableViewApp_DevinGUITests" */;
			buildPhases = (
				236D92FE29AFBB1A00CDEECB /* Sources */,
				236D92FF29AFBB1A00CDEECB /* Frameworks */,
				236D930029AFBB1A00CDEECB /* Resources */,
			);
			buildRules = (
			);
			dependencies = (
				236D930429AFBB1A00CDEECB /* PBXTargetDependency */,
			);
			name = miniTableViewApp_DevinGUITests;
			productName = miniTableViewApp_DevinGUITests;
			productReference = 236D930229AFBB1A00CDEECB /* miniTableViewApp_DevinGUITests.xctest */;
			productType = "com.apple.product-type.bundle.ui-testing";
		};
/* End PBXNativeTarget section */

/* Begin PBXProject section */
		236D92DA29AFBB1900CDEECB /* Project object */ = {
			isa = PBXProject;
			attributes = {
				BuildIndependentTargetsInParallel = 1;
				LastSwiftUpdateCheck = 1420;
				LastUpgradeCheck = 1420;
				TargetAttributes = {
					236D92E129AFBB1900CDEECB = {
						CreatedOnToolsVersion = 14.2;
					};
					236D92F729AFBB1A00CDEECB = {
						CreatedOnToolsVersion = 14.2;
						TestTargetID = 236D92E129AFBB1900CDEECB;
					};
					236D930129AFBB1A00CDEECB = {
						CreatedOnToolsVersion = 14.2;
						TestTargetID = 236D92E129AFBB1900CDEECB;
					};
				};
			};
			buildConfigurationList = 236D92DD29AFBB1900CDEECB /* Build configuration list for PBXProject "miniTableViewApp_DevinG" */;
			compatibilityVersion = "Xcode 14.0";
			developmentRegion = en;
			hasScannedForEncodings = 0;
			knownRegions = (
				en,
				Base,
			);
			mainGroup = 236D92D929AFBB1900CDEECB;
			productRefGroup = 236D92E329AFBB1900CDEECB /* Products */;
			projectDirPath = "";
			projectRoot = "";
			targets = (
				236D92E129AFBB1900CDEECB /* miniTableViewApp_DevinG */,
				236D92F729AFBB1A00CDEECB /* miniTableViewApp_DevinGTests */,
				236D930129AFBB1A00CDEECB /* miniTableViewApp_DevinGUITests */,
			);
		};
/* End PBXProject section */

/* Begin PBXResourcesBuildPhase section */
		236D92E029AFBB1900CDEECB /* Resources */ = {
			isa = PBXResourcesBuildPhase;
			buildActionMask = 2147483647;
			files = (
				236D92F229AFBB1A00CDEECB /* LaunchScreen.storyboard in Resources */,
				236D92EF29AFBB1A00CDEECB /* Assets.xcassets in Resources */,
				236D92ED29AFBB1900CDEECB /* Main.storyboard in Resources */,
			);
			runOnlyForDeploymentPostprocessing = 0;
		};
		236D92F629AFBB1A00CDEECB /* Resources */ = {
			isa = PBXResourcesBuildPhase;
			buildActionMask = 2147483647;
			files = (
			);
			runOnlyForDeploymentPostprocessing = 0;
		};
		236D930029AFBB1A00CDEECB /* Resources */ = {
			isa = PBXResourcesBuildPhase;
			buildActionMask = 2147483647;
			files = (
			);
			runOnlyForDeploymentPostprocessing = 0;
		};
/* End PBXResourcesBuildPhase section */

/* Begin PBXSourcesBuildPhase section */
		236D92DE29AFBB1900CDEECB /* Sources */ = {
			isa = PBXSourcesBuildPhase;
			buildActionMask = 2147483647;
			files = (
				236D92EA29AFBB1900CDEECB /* ViewController.swift in Sources */,
				236D92E629AFBB1900CDEECB /* AppDelegate.swift in Sources */,
				236D92E829AFBB1900CDEECB /* SceneDelegate.swift in Sources */,
			);
			runOnlyForDeploymentPostprocessing = 0;
		};
		236D92F429AFBB1A00CDEECB /* Sources */ = {
			isa = PBXSourcesBuildPhase;
			buildActionMask = 2147483647;
			files = (
				236D92FD29AFBB1A00CDEECB /* miniTableViewApp_DevinGTests.swift in Sources */,
			);
			runOnlyForDeploymentPostprocessing = 0;
		};
		236D92FE29AFBB1A00CDEECB /* Sources */ = {
			isa = PBXSourcesBuildPhase;
			buildActionMask = 2147483647;
			files = (
				236D930929AFBB1A00CDEECB /* miniTableViewApp_DevinGUITestsLaunchTests.swift in Sources */,
				236D930729AFBB1A00CDEECB /* miniTableViewApp_DevinGUITests.swift in Sources */,
			);
			runOnlyForDeploymentPostprocessing = 0;
		};
/* End PBXSourcesBuildPhase section */

/* Begin PBXTargetDependency section */
		236D92FA29AFBB1A00CDEECB /* PBXTargetDependency */ = {
			isa = PBXTargetDependency;
			target = 236D92E129AFBB1900CDEECB /* miniTableViewApp_DevinG */;
			targetProxy = 236D92F929AFBB1A00CDEECB /* PBXContainerItemProxy */;
		};
		236D930429AFBB1A00CDEECB /* PBXTargetDependency */ = {
			isa = PBXTargetDependency;
			target = 236D92E129AFBB1900CDEECB /* miniTableViewApp_DevinG */;
			targetProxy = 236D930329AFBB1A00CDEECB /* PBXContainerItemProxy */;
		};
/* End PBXTargetDependency section */

/* Begin PBXVariantGroup section */
		236D92EB29AFBB1900CDEECB /* Main.storyboard */ = {
			isa = PBXVariantGroup;
			children = (
				236D92EC29AFBB1900CDEECB /* Base */,
			);
			name = Main.storyboard;
			sourceTree = "<group>";
		};
		236D92F029AFBB1A00CDEECB /* LaunchScreen.storyboard */ = {
			isa = PBXVariantGroup;
			children = (
				236D92F129AFBB1A00CDEECB /* Base */,
			);
			name = LaunchScreen.storyboard;
			sourceTree = "<group>";
		};
/* End PBXVariantGroup section */

/* Begin XCBuildConfiguration section */
		236D930A29AFBB1A00CDEECB /* Debug */ = {
			isa = XCBuildConfiguration;
			buildSettings = {
				ALWAYS_SEARCH_USER_PATHS = NO;
				CLANG_ANALYZER_NONNULL = YES;
				CLANG_ANALYZER_NUMBER_OBJECT_CONVERSION = YES_AGGRESSIVE;
				CLANG_CXX_LANGUAGE_STANDARD = "gnu++20";
				CLANG_ENABLE_MODULES = YES;
				CLANG_ENABLE_OBJC_ARC = YES;
				CLANG_ENABLE_OBJC_WEAK = YES;
				CLANG_WARN_BLOCK_CAPTURE_AUTORELEASING = YES;
				CLANG_WARN_BOOL_CONVERSION = YES;
				CLANG_WARN_COMMA = YES;
				CLANG_WARN_CONSTANT_CONVERSION = YES;
				CLANG_WARN_DEPRECATED_OBJC_IMPLEMENTATIONS = YES;
				CLANG_WARN_DIRECT_OBJC_ISA_USAGE = YES_ERROR;
				CLANG_WARN_DOCUMENTATION_COMMENTS = YES;
				CLANG_WARN_EMPTY_BODY = YES;
				CLANG_WARN_ENUM_CONVERSION = YES;
				CLANG_WARN_INFINITE_RECURSION = YES;
				CLANG_WARN_INT_CONVERSION = YES;
				CLANG_WARN_NON_LITERAL_NULL_CONVERSION = YES;
				CLANG_WARN_OBJC_IMPLICIT_RETAIN_SELF = YES;
				CLANG_WARN_OBJC_LITERAL_CONVERSION = YES;
				CLANG_WARN_OBJC_ROOT_CLASS = YES_ERROR;
				CLANG_WARN_QUOTED_INCLUDE_IN_FRAMEWORK_HEADER = YES;
				CLANG_WARN_RANGE_LOOP_ANALYSIS = YES;
				CLANG_WARN_STRICT_PROTOTYPES = YES;
				CLANG_WARN_SUSPICIOUS_MOVE = YES;
				CLANG_WARN_UNGUARDED_AVAILABILITY = YES_AGGRESSIVE;
				CLANG_WARN_UNREACHABLE_CODE = YES;
				CLANG_WARN__DUPLICATE_METHOD_MATCH = YES;
				COPY_PHASE_STRIP = NO;
				DEBUG_INFORMATION_FORMAT = dwarf;
				ENABLE_STRICT_OBJC_MSGSEND = YES;
				ENABLE_TESTABILITY = YES;
				GCC_C_LANGUAGE_STANDARD = gnu11;
				GCC_DYNAMIC_NO_PIC = NO;
				GCC_NO_COMMON_BLOCKS = YES;
				GCC_OPTIMIZATION_LEVEL = 0;
				GCC_PREPROCESSOR_DEFINITIONS = (
					"DEBUG=1",
					"$(inherited)",
				);
				GCC_WARN_64_TO_32_BIT_CONVERSION = YES;
				GCC_WARN_ABOUT_RETURN_TYPE = YES_ERROR;
				GCC_WARN_UNDECLARED_SELECTOR = YES;
				GCC_WARN_UNINITIALIZED_AUTOS = YES_AGGRESSIVE;
				GCC_WARN_UNUSED_FUNCTION = YES;
				GCC_WARN_UNUSED_VARIABLE = YES;
				IPHONEOS_DEPLOYMENT_TARGET = 16.2;
				MTL_ENABLE_DEBUG_INFO = INCLUDE_SOURCE;
				MTL_FAST_MATH = YES;
				ONLY_ACTIVE_ARCH = YES;
				SDKROOT = iphoneos;
				SWIFT_ACTIVE_COMPILATION_CONDITIONS = DEBUG;
				SWIFT_OPTIMIZATION_LEVEL = "-Onone";
			};
			name = Debug;
		};
		236D930B29AFBB1A00CDEECB /* Release */ = {
			isa = XCBuildConfiguration;
			buildSettings = {
				ALWAYS_SEARCH_USER_PATHS = NO;
				CLANG_ANALYZER_NONNULL = YES;
				CLANG_ANALYZER_NUMBER_OBJECT_CONVERSION = YES_AGGRESSIVE;
				CLANG_CXX_LANGUAGE_STANDARD = "gnu++20";
				CLANG_ENABLE_MODULES = YES;
				CLANG_ENABLE_OBJC_ARC = YES;
				CLANG_ENABLE_OBJC_WEAK = YES;
				CLANG_WARN_BLOCK_CAPTURE_AUTORELEASING = YES;
				CLANG_WARN_BOOL_CONVERSION = YES;
				CLANG_WARN_COMMA = YES;
				CLANG_WARN_CONSTANT_CONVERSION = YES;
				CLANG_WARN_DEPRECATED_OBJC_IMPLEMENTATIONS = YES;
				CLANG_WARN_DIRECT_OBJC_ISA_USAGE = YES_ERROR;
				CLANG_WARN_DOCUMENTATION_COMMENTS = YES;
				CLANG_WARN_EMPTY_BODY = YES;
				CLANG_WARN_ENUM_CONVERSION = YES;
				CLANG_WARN_INFINITE_RECURSION = YES;
				CLANG_WARN_INT_CONVERSION = YES;
				CLANG_WARN_NON_LITERAL_NULL_CONVERSION = YES;
				CLANG_WARN_OBJC_IMPLICIT_RETAIN_SELF = YES;
				CLANG_WARN_OBJC_LITERAL_CONVERSION = YES;
				CLANG_WARN_OBJC_ROOT_CLASS = YES_ERROR;
				CLANG_WARN_QUOTED_INCLUDE_IN_FRAMEWORK_HEADER = YES;
				CLANG_WARN_RANGE_LOOP_ANALYSIS = YES;
				CLANG_WARN_STRICT_PROTOTYPES = YES;
				CLANG_WARN_SUSPICIOUS_MOVE = YES;
				CLANG_WARN_UNGUARDED_AVAILABILITY = YES_AGGRESSIVE;
				CLANG_WARN_UNREACHABLE_CODE = YES;
				CLANG_WARN__DUPLICATE_METHOD_MATCH = YES;
				COPY_PHASE_STRIP = NO;
				DEBUG_INFORMATION_FORMAT = "dwarf-with-dsym";
				ENABLE_NS_ASSERTIONS = NO;
				ENABLE_STRICT_OBJC_MSGSEND = YES;
				GCC_C_LANGUAGE_STANDARD = gnu11;
				GCC_NO_COMMON_BLOCKS = YES;
				GCC_WARN_64_TO_32_BIT_CONVERSION = YES;
				GCC_WARN_ABOUT_RETURN_TYPE = YES_ERROR;
				GCC_WARN_UNDECLARED_SELECTOR = YES;
				GCC_WARN_UNINITIALIZED_AUTOS = YES_AGGRESSIVE;
				GCC_WARN_UNUSED_FUNCTION = YES;
				GCC_WARN_UNUSED_VARIABLE = YES;
				IPHONEOS_DEPLOYMENT_TARGET = 16.2;
				MTL_ENABLE_DEBUG_INFO = NO;
				MTL_FAST_MATH = YES;
				SDKROOT = iphoneos;
				SWIFT_COMPILATION_MODE = wholemodule;
				SWIFT_OPTIMIZATION_LEVEL = "-O";
				VALIDATE_PRODUCT = YES;
			};
			name = Release;
		};
		236D930D29AFBB1A00CDEECB /* Debug */ = {
			isa = XCBuildConfiguration;
			buildSettings = {
				ASSETCATALOG_COMPILER_APPICON_NAME = AppIcon;
				ASSETCATALOG_COMPILER_GLOBAL_ACCENT_COLOR_NAME = AccentColor;
				CODE_SIGN_STYLE = Automatic;
				CURRENT_PROJECT_VERSION = 1;
				GENERATE_INFOPLIST_FILE = YES;
				INFOPLIST_FILE = miniTableViewApp_DevinG/Info.plist;
				INFOPLIST_KEY_UIApplicationSupportsIndirectInputEvents = YES;
				INFOPLIST_KEY_UILaunchStoryboardName = LaunchScreen;
				INFOPLIST_KEY_UIMainStoryboardFile = Main;
				INFOPLIST_KEY_UISupportedInterfaceOrientations_iPad = "UIInterfaceOrientationPortrait UIInterfaceOrientationPortraitUpsideDown UIInterfaceOrientationLandscapeLeft UIInterfaceOrientationLandscapeRight";
				INFOPLIST_KEY_UISupportedInterfaceOrientations_iPhone = "UIInterfaceOrientationPortrait UIInterfaceOrientationLandscapeLeft UIInterfaceOrientationLandscapeRight";
				LD_RUNPATH_SEARCH_PATHS = (
					"$(inherited)",
					"@executable_path/Frameworks",
				);
				MARKETING_VERSION = 1.0;
				PRODUCT_BUNDLE_IDENTIFIER = "d.miniTableViewApp-DevinG";
				PRODUCT_NAME = "$(TARGET_NAME)";
				SWIFT_EMIT_LOC_STRINGS = YES;
				SWIFT_VERSION = 5.0;
				TARGETED_DEVICE_FAMILY = "1,2";
			};
			name = Debug;
		};
		236D930E29AFBB1A00CDEECB /* Release */ = {
			isa = XCBuildConfiguration;
			buildSettings = {
				ASSETCATALOG_COMPILER_APPICON_NAME = AppIcon;
				ASSETCATALOG_COMPILER_GLOBAL_ACCENT_COLOR_NAME = AccentColor;
				CODE_SIGN_STYLE = Automatic;
				CURRENT_PROJECT_VERSION = 1;
				GENERATE_INFOPLIST_FILE = YES;
				INFOPLIST_FILE = miniTableViewApp_DevinG/Info.plist;
				INFOPLIST_KEY_UIApplicationSupportsIndirectInputEvents = YES;
				INFOPLIST_KEY_UILaunchStoryboardName = LaunchScreen;
				INFOPLIST_KEY_UIMainStoryboardFile = Main;
				INFOPLIST_KEY_UISupportedInterfaceOrientations_iPad = "UIInterfaceOrientationPortrait UIInterfaceOrientationPortraitUpsideDown UIInterfaceOrientationLandscapeLeft UIInterfaceOrientationLandscapeRight";
				INFOPLIST_KEY_UISupportedInterfaceOrientations_iPhone = "UIInterfaceOrientationPortrait UIInterfaceOrientationLandscapeLeft UIInterfaceOrientationLandscapeRight";
				LD_RUNPATH_SEARCH_PATHS = (
					"$(inherited)",
					"@executable_path/Frameworks",
				);
				MARKETING_VERSION = 1.0;
				PRODUCT_BUNDLE_IDENTIFIER = "d.miniTableViewApp-DevinG";
				PRODUCT_NAME = "$(TARGET_NAME)";
				SWIFT_EMIT_LOC_STRINGS = YES;
				SWIFT_VERSION = 5.0;
				TARGETED_DEVICE_FAMILY = "1,2";
			};
			name = Release;
		};
		236D931029AFBB1A00CDEECB /* Debug */ = {
			isa = XCBuildConfiguration;
			buildSettings = {
				ALWAYS_EMBED_SWIFT_STANDARD_LIBRARIES = YES;
				BUNDLE_LOADER = "$(TEST_HOST)";
				CODE_SIGN_STYLE = Automatic;
				CURRENT_PROJECT_VERSION = 1;
				GENERATE_INFOPLIST_FILE = YES;
				IPHONEOS_DEPLOYMENT_TARGET = 16.2;
				MARKETING_VERSION = 1.0;
				PRODUCT_BUNDLE_IDENTIFIER = "d.miniTableViewApp-DevinGTests";
				PRODUCT_NAME = "$(TARGET_NAME)";
				SWIFT_EMIT_LOC_STRINGS = NO;
				SWIFT_VERSION = 5.0;
				TARGETED_DEVICE_FAMILY = "1,2";
				TEST_HOST = "$(BUILT_PRODUCTS_DIR)/miniTableViewApp_DevinG.app/$(BUNDLE_EXECUTABLE_FOLDER_PATH)/miniTableViewApp_DevinG";
			};
			name = Debug;
		};
		236D931129AFBB1A00CDEECB /* Release */ = {
			isa = XCBuildConfiguration;
			buildSettings = {
				ALWAYS_EMBED_SWIFT_STANDARD_LIBRARIES = YES;
				BUNDLE_LOADER = "$(TEST_HOST)";
				CODE_SIGN_STYLE = Automatic;
				CURRENT_PROJECT_VERSION = 1;
				GENERATE_INFOPLIST_FILE = YES;
				IPHONEOS_DEPLOYMENT_TARGET = 16.2;
				MARKETING_VERSION = 1.0;
				PRODUCT_BUNDLE_IDENTIFIER = "d.miniTableViewApp-DevinGTests";
				PRODUCT_NAME = "$(TARGET_NAME)";
				SWIFT_EMIT_LOC_STRINGS = NO;
				SWIFT_VERSION = 5.0;
				TARGETED_DEVICE_FAMILY = "1,2";
				TEST_HOST = "$(BUILT_PRODUCTS_DIR)/miniTableViewApp_DevinG.app/$(BUNDLE_EXECUTABLE_FOLDER_PATH)/miniTableViewApp_DevinG";
			};
			name = Release;
		};
		236D931329AFBB1A00CDEECB /* Debug */ = {
			isa = XCBuildConfiguration;
			buildSettings = {
				ALWAYS_EMBED_SWIFT_STANDARD_LIBRARIES = YES;
				CODE_SIGN_STYLE = Automatic;
				CURRENT_PROJECT_VERSION = 1;
				GENERATE_INFOPLIST_FILE = YES;
				MARKETING_VERSION = 1.0;
				PRODUCT_BUNDLE_IDENTIFIER = "d.miniTableViewApp-DevinGUITests";
				PRODUCT_NAME = "$(TARGET_NAME)";
				SWIFT_EMIT_LOC_STRINGS = NO;
				SWIFT_VERSION = 5.0;
				TARGETED_DEVICE_FAMILY = "1,2";
				TEST_TARGET_NAME = miniTableViewApp_DevinG;
			};
			name = Debug;
		};
		236D931429AFBB1A00CDEECB /* Release */ = {
			isa = XCBuildConfiguration;
			buildSettings = {
				ALWAYS_EMBED_SWIFT_STANDARD_LIBRARIES = YES;
				CODE_SIGN_STYLE = Automatic;
				CURRENT_PROJECT_VERSION = 1;
				GENERATE_INFOPLIST_FILE = YES;
				MARKETING_VERSION = 1.0;
				PRODUCT_BUNDLE_IDENTIFIER = "d.miniTableViewApp-DevinGUITests";
				PRODUCT_NAME = "$(TARGET_NAME)";
				SWIFT_EMIT_LOC_STRINGS = NO;
				SWIFT_VERSION = 5.0;
				TARGETED_DEVICE_FAMILY = "1,2";
				TEST_TARGET_NAME = miniTableViewApp_DevinG;
			};
			name = Release;
		};
/* End XCBuildConfiguration section */

/* Begin XCConfigurationList section */
		236D92DD29AFBB1900CDEECB /* Build configuration list for PBXProject "miniTableViewApp_DevinG" */ = {
			isa = XCConfigurationList;
			buildConfigurations = (
				236D930A29AFBB1A00CDEECB /* Debug */,
				236D930B29AFBB1A00CDEECB /* Release */,
			);
			defaultConfigurationIsVisible = 0;
			defaultConfigurationName = Release;
		};
		236D930C29AFBB1A00CDEECB /* Build configuration list for PBXNativeTarget "miniTableViewApp_DevinG" */ = {
			isa = XCConfigurationList;
			buildConfigurations = (
				236D930D29AFBB1A00CDEECB /* Debug */,
				236D930E29AFBB1A00CDEECB /* Release */,
			);
			defaultConfigurationIsVisible = 0;
			defaultConfigurationName = Release;
		};
		236D930F29AFBB1A00CDEECB /* Build configuration list for PBXNativeTarget "miniTableViewApp_DevinGTests" */ = {
			isa = XCConfigurationList;
			buildConfigurations = (
				236D931029AFBB1A00CDEECB /* Debug */,
				236D931129AFBB1A00CDEECB /* Release */,
			);
			defaultConfigurationIsVisible = 0;
			defaultConfigurationName = Release;
		};
		236D931229AFBB1A00CDEECB /* Build configuration list for PBXNativeTarget "miniTableViewApp_DevinGUITests" */ = {
			isa = XCConfigurationList;
			buildConfigurations = (
				236D931329AFBB1A00CDEECB /* Debug */,
				236D931429AFBB1A00CDEECB /* Release */,
			);
			defaultConfigurationIsVisible = 0;
			defaultConfigurationName = Release;
		};
/* End XCConfigurationList section */
	};
	rootObject = 236D92DA29AFBB1900CDEECB /* Project object */;
}
